
Microsoft Visual Studio Solution File, Format Version 12.00
# Visual Studio Version 17
VisualStudioVersion = 17.7.34009.444
MinimumVisualStudioVersion = 10.0.40219.1
Project("{FAE04EC0-301F-11D3-BF4B-00C04F79EFBC}") = "MiniBank_API", "MiniBank_API\MiniBank_API.csproj", "{FB684D6D-83BF-4C74-89A7-EE5DAB14BF12}"
EndProject
Global
	GlobalSection(SolutionConfigurationPlatforms) = preSolution
		Debug|Any CPU = Debug|Any CPU
		Release|Any CPU = Release|Any CPU
	EndGlobalSection
	GlobalSection(ProjectConfigurationPlatforms) = postSolution
		{FB684D6D-83BF-4C74-89A7-EE5DAB14BF12}.Debug|Any CPU.ActiveCfg = Debug|Any CPU
		{FB684D6D-83BF-4C74-89A7-EE5DAB14BF12}.Debug|Any CPU.Build.0 = Debug|Any CPU
		{FB684D6D-83BF-4C74-89A7-EE5DAB14BF12}.Release|Any CPU.ActiveCfg = Release|Any CPU
		{FB684D6D-83BF-4C74-89A7-EE5DAB14BF12}.Release|Any CPU.Build.0 = Release|Any CPU
	EndGlobalSection
	GlobalSection(SolutionProperties) = preSolution
		HideSolutionNode = FALSE
	EndGlobalSection
	GlobalSection(ExtensibilityGlobals) = postSolution
		SolutionGuid = {F2E4ADF8-F677-46FC-A19A-8910CC49B65E}
	EndGlobalSection
EndGlobal
